
Microsoft Visual Studio Solution File, Format Version 12.00
# Visual Studio Version 17
VisualStudioVersion = 17.2.32616.157
MinimumVisualStudioVersion = 10.0.40219.1
Project("{FAE04EC0-301F-11D3-BF4B-00C04F79EFBC}") = "ArmandosProductShop", "ArmandosProductShop\ArmandosProductShop.csproj", "{88826D01-4FFA-40C6-80DE-7F7E8726E0E0}"
EndProject
Global
	GlobalSection(SolutionConfigurationPlatforms) = preSolution
		Debug|Any CPU = Debug|Any CPU
		Release|Any CPU = Release|Any CPU
	EndGlobalSection
	GlobalSection(ProjectConfigurationPlatforms) = postSolution
		{88826D01-4FFA-40C6-80DE-7F7E8726E0E0}.Debug|Any CPU.ActiveCfg = Debug|Any CPU
		{88826D01-4FFA-40C6-80DE-7F7E8726E0E0}.Debug|Any CPU.Build.0 = Debug|Any CPU
		{88826D01-4FFA-40C6-80DE-7F7E8726E0E0}.Release|Any CPU.ActiveCfg = Release|Any CPU
		{88826D01-4FFA-40C6-80DE-7F7E8726E0E0}.Release|Any CPU.Build.0 = Release|Any CPU
	EndGlobalSection
	GlobalSection(SolutionProperties) = preSolution
		HideSolutionNode = FALSE
	EndGlobalSection
	GlobalSection(ExtensibilityGlobals) = postSolution
		SolutionGuid = {F21F8B54-6CC9-4C7F-B0CD-47584CD625F7}
	EndGlobalSection
EndGlobal
